
Microsoft Visual Studio Solution File, Format Version 12.00
# Visual Studio Version 17
VisualStudioVersion = 17.10.34928.147
MinimumVisualStudioVersion = 10.0.40219.1
Project("{FAE04EC0-301F-11D3-BF4B-00C04F79EFBC}") = "SerializableDataTables", "SerializableDataTable\SerializableDataTables.csproj", "{39B32FF8-D2A1-4AF5-A4CB-463B41D265D2}"
EndProject
Project("{FAE04EC0-301F-11D3-BF4B-00C04F79EFBC}") = "Test.Shared", "Test.Shared\Test.Shared.csproj", "{1707C196-570D-431F-A2C2-F2CE4306EE11}"
EndProject
Project("{2150E333-8FDC-42A3-9474-1A3956D46DE8}") = "SerializableDataTable", "SerializableDataTable", "{65206A86-D49D-D722-2D85-29E95C2518A2}"
EndProject
Project("{FAE04EC0-301F-11D3-BF4B-00C04F79EFBC}") = "Test.Automated", "Test.Automated\Test.Automated.csproj", "{165246DA-13E6-4569-9B9F-4A95B87B0A9C}"
EndProject
Project("{FAE04EC0-301F-11D3-BF4B-00C04F79EFBC}") = "Test.Xunit", "Test.Xunit\Test.Xunit.csproj", "{4A1673AB-CC14-436A-AB19-45B0E342AA71}"
EndProject
Project("{FAE04EC0-301F-11D3-BF4B-00C04F79EFBC}") = "Test.Nunit", "Test.Nunit\Test.Nunit.csproj", "{5353D985-89C3-4366-99B4-3A557149E2AA}"
EndProject
Global
	GlobalSection(SolutionConfigurationPlatforms) = preSolution
		Debug|Any CPU = Debug|Any CPU
		Debug|x64 = Debug|x64
		Debug|x86 = Debug|x86
		Release|Any CPU = Release|Any CPU
		Release|x64 = Release|x64
		Release|x86 = Release|x86
	EndGlobalSection
	GlobalSection(ProjectConfigurationPlatforms) = postSolution
		{39B32FF8-D2A1-4AF5-A4CB-463B41D265D2}.Debug|Any CPU.ActiveCfg = Debug|Any CPU
		{39B32FF8-D2A1-4AF5-A4CB-463B41D265D2}.Debug|Any CPU.Build.0 = Debug|Any CPU
		{39B32FF8-D2A1-4AF5-A4CB-463B41D265D2}.Debug|x64.ActiveCfg = Debug|Any CPU
		{39B32FF8-D2A1-4AF5-A4CB-463B41D265D2}.Debug|x64.Build.0 = Debug|Any CPU
		{39B32FF8-D2A1-4AF5-A4CB-463B41D265D2}.Debug|x86.ActiveCfg = Debug|Any CPU
		{39B32FF8-D2A1-4AF5-A4CB-463B41D265D2}.Debug|x86.Build.0 = Debug|Any CPU
		{39B32FF8-D2A1-4AF5-A4CB-463B41D265D2}.Release|Any CPU.ActiveCfg = Release|Any CPU
		{39B32FF8-D2A1-4AF5-A4CB-463B41D265D2}.Release|Any CPU.Build.0 = Release|Any CPU
		{39B32FF8-D2A1-4AF5-A4CB-463B41D265D2}.Release|x64.ActiveCfg = Release|Any CPU
		{39B32FF8-D2A1-4AF5-A4CB-463B41D265D2}.Release|x64.Build.0 = Release|Any CPU
		{39B32FF8-D2A1-4AF5-A4CB-463B41D265D2}.Release|x86.ActiveCfg = Release|Any CPU
		{39B32FF8-D2A1-4AF5-A4CB-463B41D265D2}.Release|x86.Build.0 = Release|Any CPU
		{1707C196-570D-431F-A2C2-F2CE4306EE11}.Debug|Any CPU.ActiveCfg = Debug|Any CPU
		{1707C196-570D-431F-A2C2-F2CE4306EE11}.Debug|Any CPU.Build.0 = Debug|Any CPU
		{1707C196-570D-431F-A2C2-F2CE4306EE11}.Debug|x64.ActiveCfg = Debug|Any CPU
		{1707C196-570D-431F-A2C2-F2CE4306EE11}.Debug|x64.Build.0 = Debug|Any CPU
		{1707C196-570D-431F-A2C2-F2CE4306EE11}.Debug|x86.ActiveCfg = Debug|Any CPU
		{1707C196-570D-431F-A2C2-F2CE4306EE11}.Debug|x86.Build.0 = Debug|Any CPU
		{1707C196-570D-431F-A2C2-F2CE4306EE11}.Release|Any CPU.ActiveCfg = Release|Any CPU
		{1707C196-570D-431F-A2C2-F2CE4306EE11}.Release|Any CPU.Build.0 = Release|Any CPU
		{1707C196-570D-431F-A2C2-F2CE4306EE11}.Release|x64.ActiveCfg = Release|Any CPU
		{1707C196-570D-431F-A2C2-F2CE4306EE11}.Release|x64.Build.0 = Release|Any CPU
		{1707C196-570D-431F-A2C2-F2CE4306EE11}.Release|x86.ActiveCfg = Release|Any CPU
		{1707C196-570D-431F-A2C2-F2CE4306EE11}.Release|x86.Build.0 = Release|Any CPU
		{165246DA-13E6-4569-9B9F-4A95B87B0A9C}.Debug|Any CPU.ActiveCfg = Debug|Any CPU
		{165246DA-13E6-4569-9B9F-4A95B87B0A9C}.Debug|Any CPU.Build.0 = Debug|Any CPU
		{165246DA-13E6-4569-9B9F-4A95B87B0A9C}.Debug|x64.ActiveCfg = Debug|Any CPU
		{165246DA-13E6-4569-9B9F-4A95B87B0A9C}.Debug|x64.Build.0 = Debug|Any CPU
		{165246DA-13E6-4569-9B9F-4A95B87B0A9C}.Debug|x86.ActiveCfg = Debug|Any CPU
		{165246DA-13E6-4569-9B9F-4A95B87B0A9C}.Debug|x86.Build.0 = Debug|Any CPU
		{165246DA-13E6-4569-9B9F-4A95B87B0A9C}.Release|Any CPU.ActiveCfg = Release|Any CPU
		{165246DA-13E6-4569-9B9F-4A95B87B0A9C}.Release|Any CPU.Build.0 = Release|Any CPU
		{165246DA-13E6-4569-9B9F-4A95B87B0A9C}.Release|x64.ActiveCfg = Release|Any CPU
		{165246DA-13E6-4569-9B9F-4A95B87B0A9C}.Release|x64.Build.0 = Release|Any CPU
		{165246DA-13E6-4569-9B9F-4A95B87B0A9C}.Release|x86.ActiveCfg = Release|Any CPU
		{165246DA-13E6-4569-9B9F-4A95B87B0A9C}.Release|x86.Build.0 = Release|Any CPU
		{4A1673AB-CC14-436A-AB19-45B0E342AA71}.Debug|Any CPU.ActiveCfg = Debug|Any CPU
		{4A1673AB-CC14-436A-AB19-45B0E342AA71}.Debug|Any CPU.Build.0 = Debug|Any CPU
		{4A1673AB-CC14-436A-AB19-45B0E342AA71}.Debug|x64.ActiveCfg = Debug|Any CPU
		{4A1673AB-CC14-436A-AB19-45B0E342AA71}.Debug|x64.Build.0 = Debug|Any CPU
		{4A1673AB-CC14-436A-AB19-45B0E342AA71}.Debug|x86.ActiveCfg = Debug|Any CPU
		{4A1673AB-CC14-436A-AB19-45B0E342AA71}.Debug|x86.Build.0 = Debug|Any CPU
		{4A1673AB-CC14-436A-AB19-45B0E342AA71}.Release|Any CPU.ActiveCfg = Release|Any CPU
		{4A1673AB-CC14-436A-AB19-45B0E342AA71}.Release|Any CPU.Build.0 = Release|Any CPU
		{4A1673AB-CC14-436A-AB19-45B0E342AA71}.Release|x64.ActiveCfg = Release|Any CPU
		{4A1673AB-CC14-436A-AB19-45B0E342AA71}.Release|x64.Build.0 = Release|Any CPU
		{4A1673AB-CC14-436A-AB19-45B0E342AA71}.Release|x86.ActiveCfg = Release|Any CPU
		{4A1673AB-CC14-436A-AB19-45B0E342AA71}.Release|x86.Build.0 = Release|Any CPU
		{5353D985-89C3-4366-99B4-3A557149E2AA}.Debug|Any CPU.ActiveCfg = Debug|Any CPU
		{5353D985-89C3-4366-99B4-3A557149E2AA}.Debug|Any CPU.Build.0 = Debug|Any CPU
		{5353D985-89C3-4366-99B4-3A557149E2AA}.Debug|x64.ActiveCfg = Debug|Any CPU
		{5353D985-89C3-4366-99B4-3A557149E2AA}.Debug|x64.Build.0 = Debug|Any CPU
		{5353D985-89C3-4366-99B4-3A557149E2AA}.Debug|x86.ActiveCfg = Debug|Any CPU
		{5353D985-89C3-4366-99B4-3A557149E2AA}.Debug|x86.Build.0 = Debug|Any CPU
		{5353D985-89C3-4366-99B4-3A557149E2AA}.Release|Any CPU.ActiveCfg = Release|Any CPU
		{5353D985-89C3-4366-99B4-3A557149E2AA}.Release|Any CPU.Build.0 = Release|Any CPU
		{5353D985-89C3-4366-99B4-3A557149E2AA}.Release|x64.ActiveCfg = Release|Any CPU
		{5353D985-89C3-4366-99B4-3A557149E2AA}.Release|x64.Build.0 = Release|Any CPU
		{5353D985-89C3-4366-99B4-3A557149E2AA}.Release|x86.ActiveCfg = Release|Any CPU
		{5353D985-89C3-4366-99B4-3A557149E2AA}.Release|x86.Build.0 = Release|Any CPU
	EndGlobalSection
	GlobalSection(SolutionProperties) = preSolution
		HideSolutionNode = FALSE
	EndGlobalSection
	GlobalSection(ExtensibilityGlobals) = postSolution
		SolutionGuid = {2E1290E2-35CA-47D9-BEE5-5088CCB39B72}
	EndGlobalSection
EndGlobal
